
Microsoft Visual Studio Solution File, Format Version 12.00
# Visual Studio Version 17
VisualStudioVersion = 17.2.32630.192
MinimumVisualStudioVersion = 10.0.40219.1
Project("{FAE04EC0-301F-11D3-BF4B-00C04F79EFBC}") = "YoutubeDownloader", "YoutubeDownloader\YoutubeDownloader.csproj", "{7B0E965B-26D7-47D1-B0D8-ACD0B4931CFF}"
EndProject
Global
	GlobalSection(SolutionConfigurationPlatforms) = preSolution
		Debug|Any CPU = Debug|Any CPU
		Release|Any CPU = Release|Any CPU
	EndGlobalSection
	GlobalSection(ProjectConfigurationPlatforms) = postSolution
		{7B0E965B-26D7-47D1-B0D8-ACD0B4931CFF}.Debug|Any CPU.ActiveCfg = Debug|Any CPU
		{7B0E965B-26D7-47D1-B0D8-ACD0B4931CFF}.Debug|Any CPU.Build.0 = Debug|Any CPU
		{7B0E965B-26D7-47D1-B0D8-ACD0B4931CFF}.Release|Any CPU.ActiveCfg = Release|Any CPU
		{7B0E965B-26D7-47D1-B0D8-ACD0B4931CFF}.Release|Any CPU.Build.0 = Release|Any CPU
	EndGlobalSection
	GlobalSection(SolutionProperties) = preSolution
		HideSolutionNode = FALSE
	EndGlobalSection
	GlobalSection(ExtensibilityGlobals) = postSolution
		SolutionGuid = {EE13889B-50A3-4A5D-8100-D06E9DE79ABA}
	EndGlobalSection
EndGlobal
